
Microsoft Visual Studio Solution File, Format Version 12.00
# Visual Studio Version 17
VisualStudioVersion = 17.3.32825.248
MinimumVisualStudioVersion = 10.0.40219.1
Project("{2150E333-8FDC-42A3-9474-1A3956D46DE8}") = "ShopManagement", "ShopManagement", "{96F8864D-05FB-4D5A-9144-B462B76AE5E9}"
EndProject
Project("{2150E333-8FDC-42A3-9474-1A3956D46DE8}") = "SM.Domain", "SM.Domain", "{CD745ABC-B667-4693-923C-5F2938176411}"
EndProject
Project("{9A19103F-16F7-4668-BE54-9A1E7A4F7556}") = "ShopManagement.Domain", "ShopManagement.Domain\ShopManagement.Domain.csproj", "{284BC2A6-353D-41E9-BCFE-9DEF2FDE84D0}"
EndProject
Project("{9A19103F-16F7-4668-BE54-9A1E7A4F7556}") = "0_Framework", "0_Framework\0_Framework.csproj", "{D6EFD6CB-A9A0-41D0-8771-5FC09CC51A1D}"
EndProject
Project("{2150E333-8FDC-42A3-9474-1A3956D46DE8}") = "SM.Application", "SM.Application", "{E7CC8A87-AAA4-49CA-B101-E3E6B18BE2DC}"
EndProject
Project("{9A19103F-16F7-4668-BE54-9A1E7A4F7556}") = "ShopManagement.Application.Contracts", "ShopManagement.Application.Contracts\ShopManagement.Application.Contracts.csproj", "{07E504A5-E8AF-43A9-9968-8A3367162E87}"
EndProject
Project("{9A19103F-16F7-4668-BE54-9A1E7A4F7556}") = "ShopManagement.Appilication", "ShoppingManagement.Appilication\ShopManagement.Appilication.csproj", "{BC3EADB7-9415-43C4-8F20-413ED5F570D7}"
EndProject
Project("{2150E333-8FDC-42A3-9474-1A3956D46DE8}") = "SM.Infrastructure", "SM.Infrastructure", "{55D8652B-D57E-480F-A9EF-64F7D073DAB7}"
EndProject
Project("{9A19103F-16F7-4668-BE54-9A1E7A4F7556}") = "ShopManagement.Infrastructure.EFCore", "ShopManagement.Infrastructure.EFCore\ShopManagement.Infrastructure.EFCore.csproj", "{52377E88-064D-493C-B71E-E519F8154781}"
EndProject
Project("{9A19103F-16F7-4668-BE54-9A1E7A4F7556}") = "ShopManagement.Configuration", "ShopManagement.Configuration\ShopManagement.Configuration.csproj", "{C1018474-D954-4855-BEFF-49E569D744D3}"
EndProject
Project("{9A19103F-16F7-4668-BE54-9A1E7A4F7556}") = "ServiseHost", "ServiseHost\ServiseHost.csproj", "{3C1AA6B3-2F84-4E21-B139-AA64ED34F7E4}"
EndProject
Project("{9A19103F-16F7-4668-BE54-9A1E7A4F7556}") = "01_LampshadeQuery", "01_LampshadeQuery\01_LampshadeQuery.csproj", "{4B6C226A-8B25-4D79-9F2A-C12B0D6AD800}"
EndProject
Project("{2150E333-8FDC-42A3-9474-1A3956D46DE8}") = "DiscountManagement", "DiscountManagement", "{695CD8BA-1D15-4CB3-9DCD-BDAED0A0E8C6}"
EndProject
Project("{2150E333-8FDC-42A3-9474-1A3956D46DE8}") = "DM.Domain", "DM.Domain", "{94D4624B-AE4F-4FBF-84EE-6739754B02C4}"
EndProject
Project("{9A19103F-16F7-4668-BE54-9A1E7A4F7556}") = "DiscountManagement.Domain", "DiscountManagement.Domain\DiscountManagement.Domain.csproj", "{64683108-2D7D-4072-A5BA-032895A6088A}"
EndProject
Project("{2150E333-8FDC-42A3-9474-1A3956D46DE8}") = "DM.Application", "DM.Application", "{64AD6FEE-2C09-4260-8BE2-0115DF8B85FB}"
EndProject
Project("{9A19103F-16F7-4668-BE54-9A1E7A4F7556}") = "DiscountManagement.Application.Contract", "DiscountManagement.Application.Contract\DiscountManagement.Application.Contract.csproj", "{7130CE0D-700B-4986-8690-9587984BBAF0}"
EndProject
Project("{9A19103F-16F7-4668-BE54-9A1E7A4F7556}") = "DiscountManagement.Application", "DiscountManagement.Application\DiscountManagement.Application.csproj", "{D2569A90-5307-41AF-AE61-BB6F24EE69C2}"
EndProject
Project("{2150E333-8FDC-42A3-9474-1A3956D46DE8}") = "DM.Infrastructure", "DM.Infrastructure", "{8E6B9350-96FB-487B-A9D4-7D58B5A6FA76}"
EndProject
Project("{9A19103F-16F7-4668-BE54-9A1E7A4F7556}") = "DiscountManagement.Infrastructure.EFCore", "DiscountManagement.Infrastructure.EFCore\DiscountManagement.Infrastructure.EFCore.csproj", "{FA07267E-8F9A-4A34-8386-DAAA5D72E72C}"
EndProject
Project("{9A19103F-16F7-4668-BE54-9A1E7A4F7556}") = "DiscountManagement.Configuration", "DiscountManagement.Configuration\DiscountManagement.Configuration.csproj", "{A0EAA955-B65A-487D-AFD0-3780923F1F5D}"
EndProject
Project("{2150E333-8FDC-42A3-9474-1A3956D46DE8}") = "InventoryManagement", "InventoryManagement", "{746248C0-82CA-4610-A2D7-700B39020751}"
EndProject
Project("{2150E333-8FDC-42A3-9474-1A3956D46DE8}") = "IM.Domain", "IM.Domain", "{BA23F7A9-7879-4FA9-A30E-FF2B6C024FF4}"
EndProject
Project("{9A19103F-16F7-4668-BE54-9A1E7A4F7556}") = "InventoryManagement.Domain", "InventoryManagement.Domain\InventoryManagement.Domain.csproj", "{E4629EBF-1801-4AEC-B935-99685564EE09}"
EndProject
Project("{2150E333-8FDC-42A3-9474-1A3956D46DE8}") = "IM.Application", "IM.Application", "{BC518275-70E8-45B6-9964-442F3CA7CE40}"
EndProject
Project("{9A19103F-16F7-4668-BE54-9A1E7A4F7556}") = "InventoryManagement.Application.Contract", "InventoryManagement.Application.Contract\InventoryManagement.Application.Contract.csproj", "{F437A4D6-4E44-4055-823A-6CE21970E392}"
EndProject
Project("{2150E333-8FDC-42A3-9474-1A3956D46DE8}") = "IM.Infrastructure", "IM.Infrastructure", "{6870D20B-D17F-42AC-B10F-763019CDE02C}"
EndProject
Project("{9A19103F-16F7-4668-BE54-9A1E7A4F7556}") = "InventoryManagement.Infrasructure.EFCore", "InventoryManagement.Infrasructure.EFCore\InventoryManagement.Infrasructure.EFCore.csproj", "{C54A718C-0C50-4705-B87D-388C197894EE}"
EndProject
Project("{9A19103F-16F7-4668-BE54-9A1E7A4F7556}") = "InventoryManagement.Configuration", "InventoryManagement.Configuration\InventoryManagement.Configuration.csproj", "{880B501C-BCE3-4B22-89D4-E8CAACB0CB54}"
EndProject
Project("{9A19103F-16F7-4668-BE54-9A1E7A4F7556}") = "InventoryManagement.Application", "InventoryManagement.Application\InventoryManagement.Application.csproj", "{42067A7C-80E2-43E9-ACA5-D15686373380}"
EndProject
Global
	GlobalSection(SolutionConfigurationPlatforms) = preSolution
		Debug|Any CPU = Debug|Any CPU
		Release|Any CPU = Release|Any CPU
	EndGlobalSection
	GlobalSection(ProjectConfigurationPlatforms) = postSolution
		{284BC2A6-353D-41E9-BCFE-9DEF2FDE84D0}.Debug|Any CPU.ActiveCfg = Debug|Any CPU
		{284BC2A6-353D-41E9-BCFE-9DEF2FDE84D0}.Debug|Any CPU.Build.0 = Debug|Any CPU
		{284BC2A6-353D-41E9-BCFE-9DEF2FDE84D0}.Release|Any CPU.ActiveCfg = Release|Any CPU
		{284BC2A6-353D-41E9-BCFE-9DEF2FDE84D0}.Release|Any CPU.Build.0 = Release|Any CPU
		{D6EFD6CB-A9A0-41D0-8771-5FC09CC51A1D}.Debug|Any CPU.ActiveCfg = Debug|Any CPU
		{D6EFD6CB-A9A0-41D0-8771-5FC09CC51A1D}.Debug|Any CPU.Build.0 = Debug|Any CPU
		{D6EFD6CB-A9A0-41D0-8771-5FC09CC51A1D}.Release|Any CPU.ActiveCfg = Release|Any CPU
		{D6EFD6CB-A9A0-41D0-8771-5FC09CC51A1D}.Release|Any CPU.Build.0 = Release|Any CPU
		{07E504A5-E8AF-43A9-9968-8A3367162E87}.Debug|Any CPU.ActiveCfg = Debug|Any CPU
		{07E504A5-E8AF-43A9-9968-8A3367162E87}.Debug|Any CPU.Build.0 = Debug|Any CPU
		{07E504A5-E8AF-43A9-9968-8A3367162E87}.Release|Any CPU.ActiveCfg = Release|Any CPU
		{07E504A5-E8AF-43A9-9968-8A3367162E87}.Release|Any CPU.Build.0 = Release|Any CPU
		{BC3EADB7-9415-43C4-8F20-413ED5F570D7}.Debug|Any CPU.ActiveCfg = Debug|Any CPU
		{BC3EADB7-9415-43C4-8F20-413ED5F570D7}.Debug|Any CPU.Build.0 = Debug|Any CPU
		{BC3EADB7-9415-43C4-8F20-413ED5F570D7}.Release|Any CPU.ActiveCfg = Release|Any CPU
		{BC3EADB7-9415-43C4-8F20-413ED5F570D7}.Release|Any CPU.Build.0 = Release|Any CPU
		{52377E88-064D-493C-B71E-E519F8154781}.Debug|Any CPU.ActiveCfg = Debug|Any CPU
		{52377E88-064D-493C-B71E-E519F8154781}.Debug|Any CPU.Build.0 = Debug|Any CPU
		{52377E88-064D-493C-B71E-E519F8154781}.Release|Any CPU.ActiveCfg = Release|Any CPU
		{52377E88-064D-493C-B71E-E519F8154781}.Release|Any CPU.Build.0 = Release|Any CPU
		{C1018474-D954-4855-BEFF-49E569D744D3}.Debug|Any CPU.ActiveCfg = Debug|Any CPU
		{C1018474-D954-4855-BEFF-49E569D744D3}.Debug|Any CPU.Build.0 = Debug|Any CPU
		{C1018474-D954-4855-BEFF-49E569D744D3}.Release|Any CPU.ActiveCfg = Release|Any CPU
		{C1018474-D954-4855-BEFF-49E569D744D3}.Release|Any CPU.Build.0 = Release|Any CPU
		{3C1AA6B3-2F84-4E21-B139-AA64ED34F7E4}.Debug|Any CPU.ActiveCfg = Debug|Any CPU
		{3C1AA6B3-2F84-4E21-B139-AA64ED34F7E4}.Debug|Any CPU.Build.0 = Debug|Any CPU
		{3C1AA6B3-2F84-4E21-B139-AA64ED34F7E4}.Release|Any CPU.ActiveCfg = Release|Any CPU
		{3C1AA6B3-2F84-4E21-B139-AA64ED34F7E4}.Release|Any CPU.Build.0 = Release|Any CPU
		{4B6C226A-8B25-4D79-9F2A-C12B0D6AD800}.Debug|Any CPU.ActiveCfg = Debug|Any CPU
		{4B6C226A-8B25-4D79-9F2A-C12B0D6AD800}.Debug|Any CPU.Build.0 = Debug|Any CPU
		{4B6C226A-8B25-4D79-9F2A-C12B0D6AD800}.Release|Any CPU.ActiveCfg = Release|Any CPU
		{4B6C226A-8B25-4D79-9F2A-C12B0D6AD800}.Release|Any CPU.Build.0 = Release|Any CPU
		{64683108-2D7D-4072-A5BA-032895A6088A}.Debug|Any CPU.ActiveCfg = Debug|Any CPU
		{64683108-2D7D-4072-A5BA-032895A6088A}.Debug|Any CPU.Build.0 = Debug|Any CPU
		{64683108-2D7D-4072-A5BA-032895A6088A}.Release|Any CPU.ActiveCfg = Release|Any CPU
		{64683108-2D7D-4072-A5BA-032895A6088A}.Release|Any CPU.Build.0 = Release|Any CPU
		{7130CE0D-700B-4986-8690-9587984BBAF0}.Debug|Any CPU.ActiveCfg = Debug|Any CPU
		{7130CE0D-700B-4986-8690-9587984BBAF0}.Debug|Any CPU.Build.0 = Debug|Any CPU
		{7130CE0D-700B-4986-8690-9587984BBAF0}.Release|Any CPU.ActiveCfg = Release|Any CPU
		{7130CE0D-700B-4986-8690-9587984BBAF0}.Release|Any CPU.Build.0 = Release|Any CPU
		{D2569A90-5307-41AF-AE61-BB6F24EE69C2}.Debug|Any CPU.ActiveCfg = Debug|Any CPU
		{D2569A90-5307-41AF-AE61-BB6F24EE69C2}.Debug|Any CPU.Build.0 = Debug|Any CPU
		{D2569A90-5307-41AF-AE61-BB6F24EE69C2}.Release|Any CPU.ActiveCfg = Release|Any CPU
		{D2569A90-5307-41AF-AE61-BB6F24EE69C2}.Release|Any CPU.Build.0 = Release|Any CPU
		{FA07267E-8F9A-4A34-8386-DAAA5D72E72C}.Debug|Any CPU.ActiveCfg = Debug|Any CPU
		{FA07267E-8F9A-4A34-8386-DAAA5D72E72C}.Debug|Any CPU.Build.0 = Debug|Any CPU
		{FA07267E-8F9A-4A34-8386-DAAA5D72E72C}.Release|Any CPU.ActiveCfg = Release|Any CPU
		{FA07267E-8F9A-4A34-8386-DAAA5D72E72C}.Release|Any CPU.Build.0 = Release|Any CPU
		{A0EAA955-B65A-487D-AFD0-3780923F1F5D}.Debug|Any CPU.ActiveCfg = Debug|Any CPU
		{A0EAA955-B65A-487D-AFD0-3780923F1F5D}.Debug|Any CPU.Build.0 = Debug|Any CPU
		{A0EAA955-B65A-487D-AFD0-3780923F1F5D}.Release|Any CPU.ActiveCfg = Release|Any CPU
		{A0EAA955-B65A-487D-AFD0-3780923F1F5D}.Release|Any CPU.Build.0 = Release|Any CPU
		{E4629EBF-1801-4AEC-B935-99685564EE09}.Debug|Any CPU.ActiveCfg = Debug|Any CPU
		{E4629EBF-1801-4AEC-B935-99685564EE09}.Debug|Any CPU.Build.0 = Debug|Any CPU
		{E4629EBF-1801-4AEC-B935-99685564EE09}.Release|Any CPU.ActiveCfg = Release|Any CPU
		{E4629EBF-1801-4AEC-B935-99685564EE09}.Release|Any CPU.Build.0 = Release|Any CPU
		{F437A4D6-4E44-4055-823A-6CE21970E392}.Debug|Any CPU.ActiveCfg = Debug|Any CPU
		{F437A4D6-4E44-4055-823A-6CE21970E392}.Debug|Any CPU.Build.0 = Debug|Any CPU
		{F437A4D6-4E44-4055-823A-6CE21970E392}.Release|Any CPU.ActiveCfg = Release|Any CPU
		{F437A4D6-4E44-4055-823A-6CE21970E392}.Release|Any CPU.Build.0 = Release|Any CPU
		{C54A718C-0C50-4705-B87D-388C197894EE}.Debug|Any CPU.ActiveCfg = Debug|Any CPU
		{C54A718C-0C50-4705-B87D-388C197894EE}.Debug|Any CPU.Build.0 = Debug|Any CPU
		{C54A718C-0C50-4705-B87D-388C197894EE}.Release|Any CPU.ActiveCfg = Release|Any CPU
		{C54A718C-0C50-4705-B87D-388C197894EE}.Release|Any CPU.Build.0 = Release|Any CPU
		{880B501C-BCE3-4B22-89D4-E8CAACB0CB54}.Debug|Any CPU.ActiveCfg = Debug|Any CPU
		{880B501C-BCE3-4B22-89D4-E8CAACB0CB54}.Debug|Any CPU.Build.0 = Debug|Any CPU
		{880B501C-BCE3-4B22-89D4-E8CAACB0CB54}.Release|Any CPU.ActiveCfg = Release|Any CPU
		{880B501C-BCE3-4B22-89D4-E8CAACB0CB54}.Release|Any CPU.Build.0 = Release|Any CPU
		{42067A7C-80E2-43E9-ACA5-D15686373380}.Debug|Any CPU.ActiveCfg = Debug|Any CPU
		{42067A7C-80E2-43E9-ACA5-D15686373380}.Debug|Any CPU.Build.0 = Debug|Any CPU
		{42067A7C-80E2-43E9-ACA5-D15686373380}.Release|Any CPU.ActiveCfg = Release|Any CPU
		{42067A7C-80E2-43E9-ACA5-D15686373380}.Release|Any CPU.Build.0 = Release|Any CPU
	EndGlobalSection
	GlobalSection(SolutionProperties) = preSolution
		HideSolutionNode = FALSE
	EndGlobalSection
	GlobalSection(NestedProjects) = preSolution
		{CD745ABC-B667-4693-923C-5F2938176411} = {96F8864D-05FB-4D5A-9144-B462B76AE5E9}
		{284BC2A6-353D-41E9-BCFE-9DEF2FDE84D0} = {CD745ABC-B667-4693-923C-5F2938176411}
		{E7CC8A87-AAA4-49CA-B101-E3E6B18BE2DC} = {96F8864D-05FB-4D5A-9144-B462B76AE5E9}
		{07E504A5-E8AF-43A9-9968-8A3367162E87} = {E7CC8A87-AAA4-49CA-B101-E3E6B18BE2DC}
		{BC3EADB7-9415-43C4-8F20-413ED5F570D7} = {E7CC8A87-AAA4-49CA-B101-E3E6B18BE2DC}
		{55D8652B-D57E-480F-A9EF-64F7D073DAB7} = {96F8864D-05FB-4D5A-9144-B462B76AE5E9}
		{52377E88-064D-493C-B71E-E519F8154781} = {55D8652B-D57E-480F-A9EF-64F7D073DAB7}
		{C1018474-D954-4855-BEFF-49E569D744D3} = {55D8652B-D57E-480F-A9EF-64F7D073DAB7}
		{94D4624B-AE4F-4FBF-84EE-6739754B02C4} = {695CD8BA-1D15-4CB3-9DCD-BDAED0A0E8C6}
		{64683108-2D7D-4072-A5BA-032895A6088A} = {94D4624B-AE4F-4FBF-84EE-6739754B02C4}
		{64AD6FEE-2C09-4260-8BE2-0115DF8B85FB} = {695CD8BA-1D15-4CB3-9DCD-BDAED0A0E8C6}
		{7130CE0D-700B-4986-8690-9587984BBAF0} = {64AD6FEE-2C09-4260-8BE2-0115DF8B85FB}
		{D2569A90-5307-41AF-AE61-BB6F24EE69C2} = {64AD6FEE-2C09-4260-8BE2-0115DF8B85FB}
		{8E6B9350-96FB-487B-A9D4-7D58B5A6FA76} = {695CD8BA-1D15-4CB3-9DCD-BDAED0A0E8C6}
		{FA07267E-8F9A-4A34-8386-DAAA5D72E72C} = {8E6B9350-96FB-487B-A9D4-7D58B5A6FA76}
		{A0EAA955-B65A-487D-AFD0-3780923F1F5D} = {8E6B9350-96FB-487B-A9D4-7D58B5A6FA76}
		{BA23F7A9-7879-4FA9-A30E-FF2B6C024FF4} = {746248C0-82CA-4610-A2D7-700B39020751}
		{E4629EBF-1801-4AEC-B935-99685564EE09} = {BA23F7A9-7879-4FA9-A30E-FF2B6C024FF4}
		{BC518275-70E8-45B6-9964-442F3CA7CE40} = {746248C0-82CA-4610-A2D7-700B39020751}
		{F437A4D6-4E44-4055-823A-6CE21970E392} = {BC518275-70E8-45B6-9964-442F3CA7CE40}
		{6870D20B-D17F-42AC-B10F-763019CDE02C} = {746248C0-82CA-4610-A2D7-700B39020751}
		{C54A718C-0C50-4705-B87D-388C197894EE} = {6870D20B-D17F-42AC-B10F-763019CDE02C}
		{880B501C-BCE3-4B22-89D4-E8CAACB0CB54} = {6870D20B-D17F-42AC-B10F-763019CDE02C}
		{42067A7C-80E2-43E9-ACA5-D15686373380} = {BC518275-70E8-45B6-9964-442F3CA7CE40}
	EndGlobalSection
	GlobalSection(ExtensibilityGlobals) = postSolution
		SolutionGuid = {BBB6440E-5CE7-4219-A30E-955490296C3C}
	EndGlobalSection
EndGlobal
