
Microsoft Visual Studio Solution File, Format Version 12.00
# Visual Studio Version 17
VisualStudioVersion = 17.3.32825.248
MinimumVisualStudioVersion = 10.0.40219.1
Project("{2150E333-8FDC-42A3-9474-1A3956D46DE8}") = "ShopManagement", "ShopManagement", "{96F8864D-05FB-4D5A-9144-B462B76AE5E9}"
EndProject
Project("{2150E333-8FDC-42A3-9474-1A3956D46DE8}") = "SM.Domain", "SM.Domain", "{CD745ABC-B667-4693-923C-5F2938176411}"
EndProject
Project("{9A19103F-16F7-4668-BE54-9A1E7A4F7556}") = "ShopManagement.Domain", "ShopManagement.Domain\ShopManagement.Domain.csproj", "{284BC2A6-353D-41E9-BCFE-9DEF2FDE84D0}"
EndProject
Project("{9A19103F-16F7-4668-BE54-9A1E7A4F7556}") = "0_Framework", "0_Framework\0_Framework.csproj", "{D6EFD6CB-A9A0-41D0-8771-5FC09CC51A1D}"
EndProject
Project("{2150E333-8FDC-42A3-9474-1A3956D46DE8}") = "SM.Application", "SM.Application", "{E7CC8A87-AAA4-49CA-B101-E3E6B18BE2DC}"
EndProject
Project("{9A19103F-16F7-4668-BE54-9A1E7A4F7556}") = "ShopManagement.Application.Contracts", "ShopManagement.Application.Contracts\ShopManagement.Application.Contracts.csproj", "{07E504A5-E8AF-43A9-9968-8A3367162E87}"
EndProject
Project("{9A19103F-16F7-4668-BE54-9A1E7A4F7556}") = "ShopManagement.Appilication", "ShoppingManagement.Appilication\ShopManagement.Appilication.csproj", "{BC3EADB7-9415-43C4-8F20-413ED5F570D7}"
EndProject
Project("{2150E333-8FDC-42A3-9474-1A3956D46DE8}") = "SM.Infrastructure", "SM.Infrastructure", "{55D8652B-D57E-480F-A9EF-64F7D073DAB7}"
EndProject
Project("{9A19103F-16F7-4668-BE54-9A1E7A4F7556}") = "ShopManagement.Infrastructure.EFCore", "ShopManagement.Infrastructure.EFCore\ShopManagement.Infrastructure.EFCore.csproj", "{52377E88-064D-493C-B71E-E519F8154781}"
EndProject
Project("{9A19103F-16F7-4668-BE54-9A1E7A4F7556}") = "ShopManagement.Configuration", "ShopManagement.Configuration\ShopManagement.Configuration.csproj", "{C1018474-D954-4855-BEFF-49E569D744D3}"
EndProject
Project("{9A19103F-16F7-4668-BE54-9A1E7A4F7556}") = "ServiseHost", "ServiseHost\ServiseHost.csproj", "{3C1AA6B3-2F84-4E21-B139-AA64ED34F7E4}"
EndProject
Project("{9A19103F-16F7-4668-BE54-9A1E7A4F7556}") = "01_LampshadeQuery", "01_LampshadeQuery\01_LampshadeQuery.csproj", "{4B6C226A-8B25-4D79-9F2A-C12B0D6AD800}"
EndProject
Project("{2150E333-8FDC-42A3-9474-1A3956D46DE8}") = "DiscountManagement", "DiscountManagement", "{695CD8BA-1D15-4CB3-9DCD-BDAED0A0E8C6}"
EndProject
Project("{2150E333-8FDC-42A3-9474-1A3956D46DE8}") = "DM.Domain", "DM.Domain", "{94D4624B-AE4F-4FBF-84EE-6739754B02C4}"
EndProject
Project("{9A19103F-16F7-4668-BE54-9A1E7A4F7556}") = "DiscountManagement.Domain", "DiscountManagement.Domain\DiscountManagement.Domain.csproj", "{64683108-2D7D-4072-A5BA-032895A6088A}"
EndProject
Project("{2150E333-8FDC-42A3-9474-1A3956D46DE8}") = "DM.Application", "DM.Application", "{64AD6FEE-2C09-4260-8BE2-0115DF8B85FB}"
EndProject
Project("{9A19103F-16F7-4668-BE54-9A1E7A4F7556}") = "DiscountManagement.Application.Contract", "DiscountManagement.Application.Contract\DiscountManagement.Application.Contract.csproj", "{7130CE0D-700B-4986-8690-9587984BBAF0}"
EndProject
Project("{9A19103F-16F7-4668-BE54-9A1E7A4F7556}") = "DiscountManagement.Application", "DiscountManagement.Application\DiscountManagement.Application.csproj", "{D2569A90-5307-41AF-AE61-BB6F24EE69C2}"
EndProject
Project("{2150E333-8FDC-42A3-9474-1A3956D46DE8}") = "DM.Infrastructure", "DM.Infrastructure", "{8E6B9350-96FB-487B-A9D4-7D58B5A6FA76}"
EndProject
Project("{9A19103F-16F7-4668-BE54-9A1E7A4F7556}") = "DiscountManagement.Infrastructure.EFCore", "DiscountManagement.Infrastructure.EFCore\DiscountManagement.Infrastructure.EFCore.csproj", "{FA07267E-8F9A-4A34-8386-DAAA5D72E72C}"
EndProject
Project("{9A19103F-16F7-4668-BE54-9A1E7A4F7556}") = "DiscountManagement.Configuration", "DiscountManagement.Configuration\DiscountManagement.Configuration.csproj", "{A0EAA955-B65A-487D-AFD0-3780923F1F5D}"
EndProject
Project("{2150E333-8FDC-42A3-9474-1A3956D46DE8}") = "InventoryManagement", "InventoryManagement", "{746248C0-82CA-4610-A2D7-700B39020751}"
EndProject
Project("{2150E333-8FDC-42A3-9474-1A3956D46DE8}") = "IM.Domain", "IM.Domain", "{BA23F7A9-7879-4FA9-A30E-FF2B6C024FF4}"
EndProject
Project("{9A19103F-16F7-4668-BE54-9A1E7A4F7556}") = "InventoryManagement.Domain", "InventoryManagement.Domain\InventoryManagement.Domain.csproj", "{E4629EBF-1801-4AEC-B935-99685564EE09}"
EndProject
Project("{2150E333-8FDC-42A3-9474-1A3956D46DE8}") = "IM.Application", "IM.Application", "{BC518275-70E8-45B6-9964-442F3CA7CE40}"
EndProject
Project("{9A19103F-16F7-4668-BE54-9A1E7A4F7556}") = "InventoryManagement.Application.Contract", "InventoryManagement.Application.Contract\InventoryManagement.Application.Contract.csproj", "{F437A4D6-4E44-4055-823A-6CE21970E392}"
EndProject
Project("{2150E333-8FDC-42A3-9474-1A3956D46DE8}") = "IM.Infrastructure", "IM.Infrastructure", "{6870D20B-D17F-42AC-B10F-763019CDE02C}"
EndProject
Project("{9A19103F-16F7-4668-BE54-9A1E7A4F7556}") = "InventoryManagement.Infrasructure.EFCore", "InventoryManagement.Infrasructure.EFCore\InventoryManagement.Infrasructure.EFCore.csproj", "{C54A718C-0C50-4705-B87D-388C197894EE}"
EndProject
Project("{9A19103F-16F7-4668-BE54-9A1E7A4F7556}") = "InventoryManagement.Configuration", "InventoryManagement.Configuration\InventoryManagement.Configuration.csproj", "{880B501C-BCE3-4B22-89D4-E8CAACB0CB54}"
EndProject
Project("{9A19103F-16F7-4668-BE54-9A1E7A4F7556}") = "InventoryManagement.Application", "InventoryManagement.Application\InventoryManagement.Application.csproj", "{42067A7C-80E2-43E9-ACA5-D15686373380}"
EndProject
Project("{2150E333-8FDC-42A3-9474-1A3956D46DE8}") = "BlogManagement", "BlogManagement", "{1D96DF76-BCCE-4505-83E2-AD83846522C7}"
EndProject
Project("{2150E333-8FDC-42A3-9474-1A3956D46DE8}") = "BM.Domain", "BM.Domain", "{66891C30-D814-4C7D-B75E-251E6A807651}"
EndProject
Project("{9A19103F-16F7-4668-BE54-9A1E7A4F7556}") = "BlogManagement.Domain", "BlogManagement.Domain\BlogManagement.Domain.csproj", "{84BFF253-BCBB-452E-AB62-A694267E2C5E}"
EndProject
Project("{2150E333-8FDC-42A3-9474-1A3956D46DE8}") = "BM.Application", "BM.Application", "{618E2143-C248-4FBE-97BF-AE9D14E4584D}"
EndProject
Project("{9A19103F-16F7-4668-BE54-9A1E7A4F7556}") = "BlogManagement.Application.Contracts", "BlogManagement.Application.Contracts\BlogManagement.Application.Contracts.csproj", "{13CAE19A-BF44-4AC0-AD95-55406CB15E9F}"
EndProject
Project("{9A19103F-16F7-4668-BE54-9A1E7A4F7556}") = "BlogManagement.Application", "Blogmanagement.Application\BlogManagement.Application.csproj", "{3B95CD4E-E8A6-4B8D-8DB3-269812394AE1}"
EndProject
Project("{2150E333-8FDC-42A3-9474-1A3956D46DE8}") = "BM.Infrastructure", "BM.Infrastructure", "{B944D476-A074-4B63-A772-22C30D589532}"
EndProject
Project("{9A19103F-16F7-4668-BE54-9A1E7A4F7556}") = "BlogManagement.Infrastructure.EFCore", "BlogManagement.Infrastructure.EFCore\BlogManagement.Infrastructure.EFCore.csproj", "{B873413F-13D3-40CE-807A-503F7F663983}"
EndProject
Project("{9A19103F-16F7-4668-BE54-9A1E7A4F7556}") = "BlogManagement.Infrastructure.Configuration", "BlogManagement.Infrastructure.Configuration\BlogManagement.Infrastructure.Configuration.csproj", "{22DBE04B-36AA-4A10-9AA8-5FE0C8E93627}"
EndProject
Project("{2150E333-8FDC-42A3-9474-1A3956D46DE8}") = "CommentManagement", "CommentManagement", "{FBF7FB27-F927-4E15-88F7-8E0E38F786D6}"
EndProject
Project("{2150E333-8FDC-42A3-9474-1A3956D46DE8}") = "CM.Domain", "CM.Domain", "{BDF7C802-7F17-4544-966A-A839ACEA359E}"
EndProject
Project("{2150E333-8FDC-42A3-9474-1A3956D46DE8}") = "CM.Application", "CM.Application", "{25B7669C-9F53-4527-B500-AF7B1E75E5E2}"
EndProject
Project("{2150E333-8FDC-42A3-9474-1A3956D46DE8}") = "CM.Infrastructure", "CM.Infrastructure", "{6AE20350-7FDE-457E-9F28-E266B137A3EB}"
EndProject
Project("{9A19103F-16F7-4668-BE54-9A1E7A4F7556}") = "CommentManagement.Domain", "CommentManagement.Domain\CommentManagement.Domain.csproj", "{192E99F9-10AB-4815-9D66-2542B7870454}"
EndProject
Project("{9A19103F-16F7-4668-BE54-9A1E7A4F7556}") = "CommentManagement.Application.Contracts", "CommentManagement.Application.Contracts\CommentManagement.Application.Contracts.csproj", "{AD023A1E-4D51-47CC-8D8D-A92911C76144}"
EndProject
Project("{9A19103F-16F7-4668-BE54-9A1E7A4F7556}") = "CommentManagement.Application", "CommentManagement.Application\CommentManagement.Application.csproj", "{914E6A90-E9C8-4028-AA13-A9B343F367C9}"
EndProject
Project("{9A19103F-16F7-4668-BE54-9A1E7A4F7556}") = "CommentManagement.Infrastructure.EFCore", "CommentManagement.Infrastructure.EFCore\CommentManagement.Infrastructure.EFCore.csproj", "{186DAD82-32E5-4966-8526-83A3BBB16F71}"
EndProject
Project("{9A19103F-16F7-4668-BE54-9A1E7A4F7556}") = "CommentManagement.Infrastructure.Configuration", "CommentManagement.Infrastructure.Configuration\CommentManagement.Infrastructure.Configuration.csproj", "{82FF33AA-BC44-41EF-846D-ADEB36424B14}"
EndProject
Project("{2150E333-8FDC-42A3-9474-1A3956D46DE8}") = "AccountManagement", "AccountManagement", "{8554D246-A939-4599-BC9E-FCC3C6145D6E}"
EndProject
Project("{2150E333-8FDC-42A3-9474-1A3956D46DE8}") = "AM.Domain", "AM.Domain", "{55F1FC44-CAA4-4461-84EA-AA82AE2D076C}"
EndProject
Project("{9A19103F-16F7-4668-BE54-9A1E7A4F7556}") = "AccountManagement.Domain", "AccountManagement.Domain\AccountManagement.Domain.csproj", "{2F28636D-C7C1-4850-8596-EFE208427C32}"
EndProject
Project("{2150E333-8FDC-42A3-9474-1A3956D46DE8}") = "AM.Application", "AM.Application", "{A2078D90-F1E8-49E5-A69D-EDC5A6E18A3E}"
EndProject
Project("{9A19103F-16F7-4668-BE54-9A1E7A4F7556}") = "AccountManagement.Application.Contracts", "AccountManagement.Application.Contracts\AccountManagement.Application.Contracts.csproj", "{B9702626-FECF-4A98-8064-E522D234BBDD}"
EndProject
Project("{2150E333-8FDC-42A3-9474-1A3956D46DE8}") = "AM.Infrastructure", "AM.Infrastructure", "{3450FBA4-E2DC-4E47-9713-82E6FA4907AA}"
EndProject
Project("{9A19103F-16F7-4668-BE54-9A1E7A4F7556}") = "AccountManagement.Infrastructure.EFCore", "AccountManagement.Infrastructure.EFCore\AccountManagement.Infrastructure.EFCore.csproj", "{3603B82B-CD4D-4C03-A45E-2798E1F88D35}"
EndProject
Project("{FAE04EC0-301F-11D3-BF4B-00C04F79EFBC}") = "AccountManagement.Application", "AccountManagement.Application\AccountManagement.Application.csproj", "{32E5E952-DAF3-4B9A-A2B2-69CB5800A4F0}"
EndProject
Project("{FAE04EC0-301F-11D3-BF4B-00C04F79EFBC}") = "AccountManagement.Configuration", "AccountManagement.Configuration\AccountManagement.Configuration.csproj", "{0E0D27B3-5520-4D81-817C-85BAA85D166D}"
EndProject
Global
	GlobalSection(SolutionConfigurationPlatforms) = preSolution
		Debug|Any CPU = Debug|Any CPU
		Release|Any CPU = Release|Any CPU
	EndGlobalSection
	GlobalSection(ProjectConfigurationPlatforms) = postSolution
		{284BC2A6-353D-41E9-BCFE-9DEF2FDE84D0}.Debug|Any CPU.ActiveCfg = Debug|Any CPU
		{284BC2A6-353D-41E9-BCFE-9DEF2FDE84D0}.Debug|Any CPU.Build.0 = Debug|Any CPU
		{284BC2A6-353D-41E9-BCFE-9DEF2FDE84D0}.Release|Any CPU.ActiveCfg = Release|Any CPU
		{284BC2A6-353D-41E9-BCFE-9DEF2FDE84D0}.Release|Any CPU.Build.0 = Release|Any CPU
		{D6EFD6CB-A9A0-41D0-8771-5FC09CC51A1D}.Debug|Any CPU.ActiveCfg = Debug|Any CPU
		{D6EFD6CB-A9A0-41D0-8771-5FC09CC51A1D}.Debug|Any CPU.Build.0 = Debug|Any CPU
		{D6EFD6CB-A9A0-41D0-8771-5FC09CC51A1D}.Release|Any CPU.ActiveCfg = Release|Any CPU
		{D6EFD6CB-A9A0-41D0-8771-5FC09CC51A1D}.Release|Any CPU.Build.0 = Release|Any CPU
		{07E504A5-E8AF-43A9-9968-8A3367162E87}.Debug|Any CPU.ActiveCfg = Debug|Any CPU
		{07E504A5-E8AF-43A9-9968-8A3367162E87}.Debug|Any CPU.Build.0 = Debug|Any CPU
		{07E504A5-E8AF-43A9-9968-8A3367162E87}.Release|Any CPU.ActiveCfg = Release|Any CPU
		{07E504A5-E8AF-43A9-9968-8A3367162E87}.Release|Any CPU.Build.0 = Release|Any CPU
		{BC3EADB7-9415-43C4-8F20-413ED5F570D7}.Debug|Any CPU.ActiveCfg = Debug|Any CPU
		{BC3EADB7-9415-43C4-8F20-413ED5F570D7}.Debug|Any CPU.Build.0 = Debug|Any CPU
		{BC3EADB7-9415-43C4-8F20-413ED5F570D7}.Release|Any CPU.ActiveCfg = Release|Any CPU
		{BC3EADB7-9415-43C4-8F20-413ED5F570D7}.Release|Any CPU.Build.0 = Release|Any CPU
		{52377E88-064D-493C-B71E-E519F8154781}.Debug|Any CPU.ActiveCfg = Debug|Any CPU
		{52377E88-064D-493C-B71E-E519F8154781}.Debug|Any CPU.Build.0 = Debug|Any CPU
		{52377E88-064D-493C-B71E-E519F8154781}.Release|Any CPU.ActiveCfg = Release|Any CPU
		{52377E88-064D-493C-B71E-E519F8154781}.Release|Any CPU.Build.0 = Release|Any CPU
		{C1018474-D954-4855-BEFF-49E569D744D3}.Debug|Any CPU.ActiveCfg = Debug|Any CPU
		{C1018474-D954-4855-BEFF-49E569D744D3}.Debug|Any CPU.Build.0 = Debug|Any CPU
		{C1018474-D954-4855-BEFF-49E569D744D3}.Release|Any CPU.ActiveCfg = Release|Any CPU
		{C1018474-D954-4855-BEFF-49E569D744D3}.Release|Any CPU.Build.0 = Release|Any CPU
		{3C1AA6B3-2F84-4E21-B139-AA64ED34F7E4}.Debug|Any CPU.ActiveCfg = Debug|Any CPU
		{3C1AA6B3-2F84-4E21-B139-AA64ED34F7E4}.Debug|Any CPU.Build.0 = Debug|Any CPU
		{3C1AA6B3-2F84-4E21-B139-AA64ED34F7E4}.Release|Any CPU.ActiveCfg = Release|Any CPU
		{3C1AA6B3-2F84-4E21-B139-AA64ED34F7E4}.Release|Any CPU.Build.0 = Release|Any CPU
		{4B6C226A-8B25-4D79-9F2A-C12B0D6AD800}.Debug|Any CPU.ActiveCfg = Debug|Any CPU
		{4B6C226A-8B25-4D79-9F2A-C12B0D6AD800}.Debug|Any CPU.Build.0 = Debug|Any CPU
		{4B6C226A-8B25-4D79-9F2A-C12B0D6AD800}.Release|Any CPU.ActiveCfg = Release|Any CPU
		{4B6C226A-8B25-4D79-9F2A-C12B0D6AD800}.Release|Any CPU.Build.0 = Release|Any CPU
		{64683108-2D7D-4072-A5BA-032895A6088A}.Debug|Any CPU.ActiveCfg = Debug|Any CPU
		{64683108-2D7D-4072-A5BA-032895A6088A}.Debug|Any CPU.Build.0 = Debug|Any CPU
		{64683108-2D7D-4072-A5BA-032895A6088A}.Release|Any CPU.ActiveCfg = Release|Any CPU
		{64683108-2D7D-4072-A5BA-032895A6088A}.Release|Any CPU.Build.0 = Release|Any CPU
		{7130CE0D-700B-4986-8690-9587984BBAF0}.Debug|Any CPU.ActiveCfg = Debug|Any CPU
		{7130CE0D-700B-4986-8690-9587984BBAF0}.Debug|Any CPU.Build.0 = Debug|Any CPU
		{7130CE0D-700B-4986-8690-9587984BBAF0}.Release|Any CPU.ActiveCfg = Release|Any CPU
		{7130CE0D-700B-4986-8690-9587984BBAF0}.Release|Any CPU.Build.0 = Release|Any CPU
		{D2569A90-5307-41AF-AE61-BB6F24EE69C2}.Debug|Any CPU.ActiveCfg = Debug|Any CPU
		{D2569A90-5307-41AF-AE61-BB6F24EE69C2}.Debug|Any CPU.Build.0 = Debug|Any CPU
		{D2569A90-5307-41AF-AE61-BB6F24EE69C2}.Release|Any CPU.ActiveCfg = Release|Any CPU
		{D2569A90-5307-41AF-AE61-BB6F24EE69C2}.Release|Any CPU.Build.0 = Release|Any CPU
		{FA07267E-8F9A-4A34-8386-DAAA5D72E72C}.Debug|Any CPU.ActiveCfg = Debug|Any CPU
		{FA07267E-8F9A-4A34-8386-DAAA5D72E72C}.Debug|Any CPU.Build.0 = Debug|Any CPU
		{FA07267E-8F9A-4A34-8386-DAAA5D72E72C}.Release|Any CPU.ActiveCfg = Release|Any CPU
		{FA07267E-8F9A-4A34-8386-DAAA5D72E72C}.Release|Any CPU.Build.0 = Release|Any CPU
		{A0EAA955-B65A-487D-AFD0-3780923F1F5D}.Debug|Any CPU.ActiveCfg = Debug|Any CPU
		{A0EAA955-B65A-487D-AFD0-3780923F1F5D}.Debug|Any CPU.Build.0 = Debug|Any CPU
		{A0EAA955-B65A-487D-AFD0-3780923F1F5D}.Release|Any CPU.ActiveCfg = Release|Any CPU
		{A0EAA955-B65A-487D-AFD0-3780923F1F5D}.Release|Any CPU.Build.0 = Release|Any CPU
		{E4629EBF-1801-4AEC-B935-99685564EE09}.Debug|Any CPU.ActiveCfg = Debug|Any CPU
		{E4629EBF-1801-4AEC-B935-99685564EE09}.Debug|Any CPU.Build.0 = Debug|Any CPU
		{E4629EBF-1801-4AEC-B935-99685564EE09}.Release|Any CPU.ActiveCfg = Release|Any CPU
		{E4629EBF-1801-4AEC-B935-99685564EE09}.Release|Any CPU.Build.0 = Release|Any CPU
		{F437A4D6-4E44-4055-823A-6CE21970E392}.Debug|Any CPU.ActiveCfg = Debug|Any CPU
		{F437A4D6-4E44-4055-823A-6CE21970E392}.Debug|Any CPU.Build.0 = Debug|Any CPU
		{F437A4D6-4E44-4055-823A-6CE21970E392}.Release|Any CPU.ActiveCfg = Release|Any CPU
		{F437A4D6-4E44-4055-823A-6CE21970E392}.Release|Any CPU.Build.0 = Release|Any CPU
		{C54A718C-0C50-4705-B87D-388C197894EE}.Debug|Any CPU.ActiveCfg = Debug|Any CPU
		{C54A718C-0C50-4705-B87D-388C197894EE}.Debug|Any CPU.Build.0 = Debug|Any CPU
		{C54A718C-0C50-4705-B87D-388C197894EE}.Release|Any CPU.ActiveCfg = Release|Any CPU
		{C54A718C-0C50-4705-B87D-388C197894EE}.Release|Any CPU.Build.0 = Release|Any CPU
		{880B501C-BCE3-4B22-89D4-E8CAACB0CB54}.Debug|Any CPU.ActiveCfg = Debug|Any CPU
		{880B501C-BCE3-4B22-89D4-E8CAACB0CB54}.Debug|Any CPU.Build.0 = Debug|Any CPU
		{880B501C-BCE3-4B22-89D4-E8CAACB0CB54}.Release|Any CPU.ActiveCfg = Release|Any CPU
		{880B501C-BCE3-4B22-89D4-E8CAACB0CB54}.Release|Any CPU.Build.0 = Release|Any CPU
		{42067A7C-80E2-43E9-ACA5-D15686373380}.Debug|Any CPU.ActiveCfg = Debug|Any CPU
		{42067A7C-80E2-43E9-ACA5-D15686373380}.Debug|Any CPU.Build.0 = Debug|Any CPU
		{42067A7C-80E2-43E9-ACA5-D15686373380}.Release|Any CPU.ActiveCfg = Release|Any CPU
		{42067A7C-80E2-43E9-ACA5-D15686373380}.Release|Any CPU.Build.0 = Release|Any CPU
		{84BFF253-BCBB-452E-AB62-A694267E2C5E}.Debug|Any CPU.ActiveCfg = Debug|Any CPU
		{84BFF253-BCBB-452E-AB62-A694267E2C5E}.Debug|Any CPU.Build.0 = Debug|Any CPU
		{84BFF253-BCBB-452E-AB62-A694267E2C5E}.Release|Any CPU.ActiveCfg = Release|Any CPU
		{84BFF253-BCBB-452E-AB62-A694267E2C5E}.Release|Any CPU.Build.0 = Release|Any CPU
		{13CAE19A-BF44-4AC0-AD95-55406CB15E9F}.Debug|Any CPU.ActiveCfg = Debug|Any CPU
		{13CAE19A-BF44-4AC0-AD95-55406CB15E9F}.Debug|Any CPU.Build.0 = Debug|Any CPU
		{13CAE19A-BF44-4AC0-AD95-55406CB15E9F}.Release|Any CPU.ActiveCfg = Release|Any CPU
		{13CAE19A-BF44-4AC0-AD95-55406CB15E9F}.Release|Any CPU.Build.0 = Release|Any CPU
		{3B95CD4E-E8A6-4B8D-8DB3-269812394AE1}.Debug|Any CPU.ActiveCfg = Debug|Any CPU
		{3B95CD4E-E8A6-4B8D-8DB3-269812394AE1}.Debug|Any CPU.Build.0 = Debug|Any CPU
		{3B95CD4E-E8A6-4B8D-8DB3-269812394AE1}.Release|Any CPU.ActiveCfg = Release|Any CPU
		{3B95CD4E-E8A6-4B8D-8DB3-269812394AE1}.Release|Any CPU.Build.0 = Release|Any CPU
		{B873413F-13D3-40CE-807A-503F7F663983}.Debug|Any CPU.ActiveCfg = Debug|Any CPU
		{B873413F-13D3-40CE-807A-503F7F663983}.Debug|Any CPU.Build.0 = Debug|Any CPU
		{B873413F-13D3-40CE-807A-503F7F663983}.Release|Any CPU.ActiveCfg = Release|Any CPU
		{B873413F-13D3-40CE-807A-503F7F663983}.Release|Any CPU.Build.0 = Release|Any CPU
		{22DBE04B-36AA-4A10-9AA8-5FE0C8E93627}.Debug|Any CPU.ActiveCfg = Debug|Any CPU
		{22DBE04B-36AA-4A10-9AA8-5FE0C8E93627}.Debug|Any CPU.Build.0 = Debug|Any CPU
		{22DBE04B-36AA-4A10-9AA8-5FE0C8E93627}.Release|Any CPU.ActiveCfg = Release|Any CPU
		{22DBE04B-36AA-4A10-9AA8-5FE0C8E93627}.Release|Any CPU.Build.0 = Release|Any CPU
		{192E99F9-10AB-4815-9D66-2542B7870454}.Debug|Any CPU.ActiveCfg = Debug|Any CPU
		{192E99F9-10AB-4815-9D66-2542B7870454}.Debug|Any CPU.Build.0 = Debug|Any CPU
		{192E99F9-10AB-4815-9D66-2542B7870454}.Release|Any CPU.ActiveCfg = Release|Any CPU
		{192E99F9-10AB-4815-9D66-2542B7870454}.Release|Any CPU.Build.0 = Release|Any CPU
		{AD023A1E-4D51-47CC-8D8D-A92911C76144}.Debug|Any CPU.ActiveCfg = Debug|Any CPU
		{AD023A1E-4D51-47CC-8D8D-A92911C76144}.Debug|Any CPU.Build.0 = Debug|Any CPU
		{AD023A1E-4D51-47CC-8D8D-A92911C76144}.Release|Any CPU.ActiveCfg = Release|Any CPU
		{AD023A1E-4D51-47CC-8D8D-A92911C76144}.Release|Any CPU.Build.0 = Release|Any CPU
		{914E6A90-E9C8-4028-AA13-A9B343F367C9}.Debug|Any CPU.ActiveCfg = Debug|Any CPU
		{914E6A90-E9C8-4028-AA13-A9B343F367C9}.Debug|Any CPU.Build.0 = Debug|Any CPU
		{914E6A90-E9C8-4028-AA13-A9B343F367C9}.Release|Any CPU.ActiveCfg = Release|Any CPU
		{914E6A90-E9C8-4028-AA13-A9B343F367C9}.Release|Any CPU.Build.0 = Release|Any CPU
		{186DAD82-32E5-4966-8526-83A3BBB16F71}.Debug|Any CPU.ActiveCfg = Debug|Any CPU
		{186DAD82-32E5-4966-8526-83A3BBB16F71}.Debug|Any CPU.Build.0 = Debug|Any CPU
		{186DAD82-32E5-4966-8526-83A3BBB16F71}.Release|Any CPU.ActiveCfg = Release|Any CPU
		{186DAD82-32E5-4966-8526-83A3BBB16F71}.Release|Any CPU.Build.0 = Release|Any CPU
		{82FF33AA-BC44-41EF-846D-ADEB36424B14}.Debug|Any CPU.ActiveCfg = Debug|Any CPU
		{82FF33AA-BC44-41EF-846D-ADEB36424B14}.Debug|Any CPU.Build.0 = Debug|Any CPU
		{82FF33AA-BC44-41EF-846D-ADEB36424B14}.Release|Any CPU.ActiveCfg = Release|Any CPU
		{82FF33AA-BC44-41EF-846D-ADEB36424B14}.Release|Any CPU.Build.0 = Release|Any CPU
		{2F28636D-C7C1-4850-8596-EFE208427C32}.Debug|Any CPU.ActiveCfg = Debug|Any CPU
		{2F28636D-C7C1-4850-8596-EFE208427C32}.Debug|Any CPU.Build.0 = Debug|Any CPU
		{2F28636D-C7C1-4850-8596-EFE208427C32}.Release|Any CPU.ActiveCfg = Release|Any CPU
		{2F28636D-C7C1-4850-8596-EFE208427C32}.Release|Any CPU.Build.0 = Release|Any CPU
		{B9702626-FECF-4A98-8064-E522D234BBDD}.Debug|Any CPU.ActiveCfg = Debug|Any CPU
		{B9702626-FECF-4A98-8064-E522D234BBDD}.Debug|Any CPU.Build.0 = Debug|Any CPU
		{B9702626-FECF-4A98-8064-E522D234BBDD}.Release|Any CPU.ActiveCfg = Release|Any CPU
		{B9702626-FECF-4A98-8064-E522D234BBDD}.Release|Any CPU.Build.0 = Release|Any CPU
		{3603B82B-CD4D-4C03-A45E-2798E1F88D35}.Debug|Any CPU.ActiveCfg = Debug|Any CPU
		{3603B82B-CD4D-4C03-A45E-2798E1F88D35}.Debug|Any CPU.Build.0 = Debug|Any CPU
		{3603B82B-CD4D-4C03-A45E-2798E1F88D35}.Release|Any CPU.ActiveCfg = Release|Any CPU
		{3603B82B-CD4D-4C03-A45E-2798E1F88D35}.Release|Any CPU.Build.0 = Release|Any CPU
		{32E5E952-DAF3-4B9A-A2B2-69CB5800A4F0}.Debug|Any CPU.ActiveCfg = Debug|Any CPU
		{32E5E952-DAF3-4B9A-A2B2-69CB5800A4F0}.Debug|Any CPU.Build.0 = Debug|Any CPU
		{32E5E952-DAF3-4B9A-A2B2-69CB5800A4F0}.Release|Any CPU.ActiveCfg = Release|Any CPU
		{32E5E952-DAF3-4B9A-A2B2-69CB5800A4F0}.Release|Any CPU.Build.0 = Release|Any CPU
		{0E0D27B3-5520-4D81-817C-85BAA85D166D}.Debug|Any CPU.ActiveCfg = Debug|Any CPU
		{0E0D27B3-5520-4D81-817C-85BAA85D166D}.Debug|Any CPU.Build.0 = Debug|Any CPU
		{0E0D27B3-5520-4D81-817C-85BAA85D166D}.Release|Any CPU.ActiveCfg = Release|Any CPU
		{0E0D27B3-5520-4D81-817C-85BAA85D166D}.Release|Any CPU.Build.0 = Release|Any CPU
	EndGlobalSection
	GlobalSection(SolutionProperties) = preSolution
		HideSolutionNode = FALSE
	EndGlobalSection
	GlobalSection(NestedProjects) = preSolution
		{CD745ABC-B667-4693-923C-5F2938176411} = {96F8864D-05FB-4D5A-9144-B462B76AE5E9}
		{284BC2A6-353D-41E9-BCFE-9DEF2FDE84D0} = {CD745ABC-B667-4693-923C-5F2938176411}
		{E7CC8A87-AAA4-49CA-B101-E3E6B18BE2DC} = {96F8864D-05FB-4D5A-9144-B462B76AE5E9}
		{07E504A5-E8AF-43A9-9968-8A3367162E87} = {E7CC8A87-AAA4-49CA-B101-E3E6B18BE2DC}
		{BC3EADB7-9415-43C4-8F20-413ED5F570D7} = {E7CC8A87-AAA4-49CA-B101-E3E6B18BE2DC}
		{55D8652B-D57E-480F-A9EF-64F7D073DAB7} = {96F8864D-05FB-4D5A-9144-B462B76AE5E9}
		{52377E88-064D-493C-B71E-E519F8154781} = {55D8652B-D57E-480F-A9EF-64F7D073DAB7}
		{C1018474-D954-4855-BEFF-49E569D744D3} = {55D8652B-D57E-480F-A9EF-64F7D073DAB7}
		{94D4624B-AE4F-4FBF-84EE-6739754B02C4} = {695CD8BA-1D15-4CB3-9DCD-BDAED0A0E8C6}
		{64683108-2D7D-4072-A5BA-032895A6088A} = {94D4624B-AE4F-4FBF-84EE-6739754B02C4}
		{64AD6FEE-2C09-4260-8BE2-0115DF8B85FB} = {695CD8BA-1D15-4CB3-9DCD-BDAED0A0E8C6}
		{7130CE0D-700B-4986-8690-9587984BBAF0} = {64AD6FEE-2C09-4260-8BE2-0115DF8B85FB}
		{D2569A90-5307-41AF-AE61-BB6F24EE69C2} = {64AD6FEE-2C09-4260-8BE2-0115DF8B85FB}
		{8E6B9350-96FB-487B-A9D4-7D58B5A6FA76} = {695CD8BA-1D15-4CB3-9DCD-BDAED0A0E8C6}
		{FA07267E-8F9A-4A34-8386-DAAA5D72E72C} = {8E6B9350-96FB-487B-A9D4-7D58B5A6FA76}
		{A0EAA955-B65A-487D-AFD0-3780923F1F5D} = {8E6B9350-96FB-487B-A9D4-7D58B5A6FA76}
		{BA23F7A9-7879-4FA9-A30E-FF2B6C024FF4} = {746248C0-82CA-4610-A2D7-700B39020751}
		{E4629EBF-1801-4AEC-B935-99685564EE09} = {BA23F7A9-7879-4FA9-A30E-FF2B6C024FF4}
		{BC518275-70E8-45B6-9964-442F3CA7CE40} = {746248C0-82CA-4610-A2D7-700B39020751}
		{F437A4D6-4E44-4055-823A-6CE21970E392} = {BC518275-70E8-45B6-9964-442F3CA7CE40}
		{6870D20B-D17F-42AC-B10F-763019CDE02C} = {746248C0-82CA-4610-A2D7-700B39020751}
		{C54A718C-0C50-4705-B87D-388C197894EE} = {6870D20B-D17F-42AC-B10F-763019CDE02C}
		{880B501C-BCE3-4B22-89D4-E8CAACB0CB54} = {6870D20B-D17F-42AC-B10F-763019CDE02C}
		{42067A7C-80E2-43E9-ACA5-D15686373380} = {BC518275-70E8-45B6-9964-442F3CA7CE40}
		{66891C30-D814-4C7D-B75E-251E6A807651} = {1D96DF76-BCCE-4505-83E2-AD83846522C7}
		{84BFF253-BCBB-452E-AB62-A694267E2C5E} = {66891C30-D814-4C7D-B75E-251E6A807651}
		{618E2143-C248-4FBE-97BF-AE9D14E4584D} = {1D96DF76-BCCE-4505-83E2-AD83846522C7}
		{13CAE19A-BF44-4AC0-AD95-55406CB15E9F} = {618E2143-C248-4FBE-97BF-AE9D14E4584D}
		{3B95CD4E-E8A6-4B8D-8DB3-269812394AE1} = {618E2143-C248-4FBE-97BF-AE9D14E4584D}
		{B944D476-A074-4B63-A772-22C30D589532} = {1D96DF76-BCCE-4505-83E2-AD83846522C7}
		{B873413F-13D3-40CE-807A-503F7F663983} = {B944D476-A074-4B63-A772-22C30D589532}
		{22DBE04B-36AA-4A10-9AA8-5FE0C8E93627} = {B944D476-A074-4B63-A772-22C30D589532}
		{BDF7C802-7F17-4544-966A-A839ACEA359E} = {FBF7FB27-F927-4E15-88F7-8E0E38F786D6}
		{25B7669C-9F53-4527-B500-AF7B1E75E5E2} = {FBF7FB27-F927-4E15-88F7-8E0E38F786D6}
		{6AE20350-7FDE-457E-9F28-E266B137A3EB} = {FBF7FB27-F927-4E15-88F7-8E0E38F786D6}
		{192E99F9-10AB-4815-9D66-2542B7870454} = {BDF7C802-7F17-4544-966A-A839ACEA359E}
		{AD023A1E-4D51-47CC-8D8D-A92911C76144} = {25B7669C-9F53-4527-B500-AF7B1E75E5E2}
		{914E6A90-E9C8-4028-AA13-A9B343F367C9} = {25B7669C-9F53-4527-B500-AF7B1E75E5E2}
		{186DAD82-32E5-4966-8526-83A3BBB16F71} = {6AE20350-7FDE-457E-9F28-E266B137A3EB}
		{82FF33AA-BC44-41EF-846D-ADEB36424B14} = {6AE20350-7FDE-457E-9F28-E266B137A3EB}
		{55F1FC44-CAA4-4461-84EA-AA82AE2D076C} = {8554D246-A939-4599-BC9E-FCC3C6145D6E}
		{2F28636D-C7C1-4850-8596-EFE208427C32} = {55F1FC44-CAA4-4461-84EA-AA82AE2D076C}
		{A2078D90-F1E8-49E5-A69D-EDC5A6E18A3E} = {8554D246-A939-4599-BC9E-FCC3C6145D6E}
		{B9702626-FECF-4A98-8064-E522D234BBDD} = {A2078D90-F1E8-49E5-A69D-EDC5A6E18A3E}
		{3450FBA4-E2DC-4E47-9713-82E6FA4907AA} = {8554D246-A939-4599-BC9E-FCC3C6145D6E}
		{3603B82B-CD4D-4C03-A45E-2798E1F88D35} = {3450FBA4-E2DC-4E47-9713-82E6FA4907AA}
		{32E5E952-DAF3-4B9A-A2B2-69CB5800A4F0} = {A2078D90-F1E8-49E5-A69D-EDC5A6E18A3E}
		{0E0D27B3-5520-4D81-817C-85BAA85D166D} = {3450FBA4-E2DC-4E47-9713-82E6FA4907AA}
	EndGlobalSection
	GlobalSection(ExtensibilityGlobals) = postSolution
		SolutionGuid = {BBB6440E-5CE7-4219-A30E-955490296C3C}
	EndGlobalSection
EndGlobal
